{
  "name": "@deividson/minimal-ui-components",
  "version": "0.1.0",
  "lockfileVersion": 1,
  "requires": true,
  "dependencies": {
    "preact": {
      "version": "10.4.8",
      "resolved": "https://registry.npmjs.org/preact/-/preact-10.4.8.tgz",
      "integrity": "sha512-uVLeEAyRsCkUEFhVHlOu17OxcrwC7+hTGZ08kBoLBiGHiZooUZuibQnphgMKftw/rqYntNMyhVCPqQhcyAGHag=="
    }
  }
}
